Microsoft Visual Studio Solution File, Format Version 12.00
# Visual Studio Version 17
VisualStudioVersion = 17.5.2.0
MinimumVisualStudioVersion = 10.0.40219.1
Project("{FAE04EC0-301F-11D3-BF4B-00C04F79EFBC}") = "ContactFn", "ContactFn.csproj", "{8BC2E7D1-F2C8-2AC4-13E4-6A502477535F}"
EndProject
Global
	GlobalSection(SolutionConfigurationPlatforms) = preSolution
		Debug|Any CPU = Debug|Any CPU
		Release|Any CPU = Release|Any CPU
	EndGlobalSection
	GlobalSection(ProjectConfigurationPlatforms) = postSolution
		{8BC2E7D1-F2C8-2AC4-13E4-6A502477535F}.Debug|Any CPU.ActiveCfg = Debug|Any CPU
		{8BC2E7D1-F2C8-2AC4-13E4-6A502477535F}.Debug|Any CPU.Build.0 = Debug|Any CPU
		{8BC2E7D1-F2C8-2AC4-13E4-6A502477535F}.Release|Any CPU.ActiveCfg = Release|Any CPU
		{8BC2E7D1-F2C8-2AC4-13E4-6A502477535F}.Release|Any CPU.Build.0 = Release|Any CPU
	EndGlobalSection
	GlobalSection(SolutionProperties) = preSolution
		HideSolutionNode = FALSE
	EndGlobalSection
	GlobalSection(ExtensibilityGlobals) = postSolution
		SolutionGuid = {6B15E540-AC8A-4429-BE76-813E10426464}
	EndGlobalSection
EndGlobal
